
Microsoft Visual Studio Solution File, Format Version 12.00
# Visual Studio Version 16
VisualStudioVersion = 16.0.30320.27
MinimumVisualStudioVersion = 10.0.40219.1
Project("{FAE04EC0-301F-11D3-BF4B-00C04F79EFBC}") = "DanielProva02Exercicio", "DanielProva02Exercicio.csproj", "{502A4151-68C3-425D-A33E-6A8E01949346}"
EndProject
Global
	GlobalSection(SolutionConfigurationPlatforms) = preSolution
		Debug|Any CPU = Debug|Any CPU
		Release|Any CPU = Release|Any CPU
	EndGlobalSection
	GlobalSection(ProjectConfigurationPlatforms) = postSolution
		{502A4151-68C3-425D-A33E-6A8E01949346}.Debug|Any CPU.ActiveCfg = Debug|Any CPU
		{502A4151-68C3-425D-A33E-6A8E01949346}.Debug|Any CPU.Build.0 = Debug|Any CPU
		{502A4151-68C3-425D-A33E-6A8E01949346}.Release|Any CPU.ActiveCfg = Release|Any CPU
		{502A4151-68C3-425D-A33E-6A8E01949346}.Release|Any CPU.Build.0 = Release|Any CPU
	EndGlobalSection
	GlobalSection(SolutionProperties) = preSolution
		HideSolutionNode = FALSE
	EndGlobalSection
	GlobalSection(ExtensibilityGlobals) = postSolution
		SolutionGuid = {439E7322-3BAA-4FF0-9FC3-7BB4DEC4473A}
	EndGlobalSection
EndGlobal
